
Microsoft Visual Studio Solution File, Format Version 12.00
# Visual Studio Version 16
VisualStudioVersion = 25.0.1704.2
MinimumVisualStudioVersion = 10.0.40219.1
Project("{FAE04EC0-301F-11D3-BF4B-00C04F79EFBC}") = "DataStructure267", "DataStructure267\DataStructure267.csproj", "{81188DFD-4EE1-4301-97F9-62820F1A022B}"
EndProject
Global
	GlobalSection(SolutionConfigurationPlatforms) = preSolution
		Debug|Any CPU = Debug|Any CPU
		Release|Any CPU = Release|Any CPU
	EndGlobalSection
	GlobalSection(ProjectConfigurationPlatforms) = postSolution
		{81188DFD-4EE1-4301-97F9-62820F1A022B}.Debug|Any CPU.ActiveCfg = Debug|Any CPU
		{81188DFD-4EE1-4301-97F9-62820F1A022B}.Debug|Any CPU.Build.0 = Debug|Any CPU
		{81188DFD-4EE1-4301-97F9-62820F1A022B}.Release|Any CPU.ActiveCfg = Release|Any CPU
		{81188DFD-4EE1-4301-97F9-62820F1A022B}.Release|Any CPU.Build.0 = Release|Any CPU
	EndGlobalSection
	GlobalSection(SolutionProperties) = preSolution
		HideSolutionNode = FALSE
	EndGlobalSection
	GlobalSection(ExtensibilityGlobals) = postSolution
		SolutionGuid = {A0BBEB29-7A97-49E8-B215-61D082344D5B}
	EndGlobalSection
EndGlobal
